
Microsoft Visual Studio Solution File, Format Version 12.00
# Visual Studio Version 17
VisualStudioVersion = 17.5.33516.290
MinimumVisualStudioVersion = 10.0.40219.1
Project("{888888A0-9F3D-457C-B088-3A5042F75D52}") = "Truth_Seq_Er_CLI", "Truth_Seq_Er_CLI.pyproj", "{95E0591D-EAFB-467E-A7FC-22998AFB742E}"
EndProject
Global
	GlobalSection(SolutionConfigurationPlatforms) = preSolution
		Debug|Any CPU = Debug|Any CPU
		Release|Any CPU = Release|Any CPU
	EndGlobalSection
	GlobalSection(ProjectConfigurationPlatforms) = postSolution
		{95E0591D-EAFB-467E-A7FC-22998AFB742E}.Debug|Any CPU.ActiveCfg = Debug|Any CPU
		{95E0591D-EAFB-467E-A7FC-22998AFB742E}.Release|Any CPU.ActiveCfg = Release|Any CPU
	EndGlobalSection
	GlobalSection(SolutionProperties) = preSolution
		HideSolutionNode = FALSE
	EndGlobalSection
	GlobalSection(ExtensibilityGlobals) = postSolution
		SolutionGuid = {BC5FD3D4-5B22-4EBE-9D43-A45D166BAB5F}
	EndGlobalSection
EndGlobal
